
Microsoft Visual Studio Solution File, Format Version 12.00
# Visual Studio 14
VisualStudioVersion = 14.0.25420.1
MinimumVisualStudioVersion = 10.0.40219.1
Project("{FAE04EC0-301F-11D3-BF4B-00C04F79EFBC}") = "QuartzCore", "QuartzCore\QuartzCore.csproj", "{2A6F6261-DA94-45DC-8B35-ACCB9417F8FD}"
EndProject
Project("{FAE04EC0-301F-11D3-BF4B-00C04F79EFBC}") = "QuartzTask.HelloJob", "QuartzTask.HelloJob\QuartzTask.HelloJob.csproj", "{F0E43751-E96D-4D9C-A14E-F39641E0BC1F}"
EndProject
Project("{FAE04EC0-301F-11D3-BF4B-00C04F79EFBC}") = "QuartzTask.GoodbyeJob", "QuartzTask.GoodbyJob\QuartzTask.GoodbyeJob.csproj", "{F78E6B13-3AB3-4EE3-9DC1-C84CCA970690}"
EndProject
Project("{FAE04EC0-301F-11D3-BF4B-00C04F79EFBC}") = "AbpQuartzTask.HelloJob", "AbpQuartzTask.HelloJob\AbpQuartzTask.HelloJob.csproj", "{8C316646-00D8-40B1-9C68-425B47AB4B54}"
EndProject
Project("{FAE04EC0-301F-11D3-BF4B-00C04F79EFBC}") = "Abp.Quartz.ConsoleApp", "Abp.Quartz.JobExecuter\Abp.Quartz.ConsoleApp.csproj", "{59A3B433-B4EB-4C31-B448-4FFB7010779D}"
EndProject
Project("{2150E333-8FDC-42A3-9474-1A3956D46DE8}") = "AbpBased", "AbpBased", "{2FBFCAFA-3A21-43AF-B1D0-F9DC42F5F9D2}"
EndProject
Project("{2150E333-8FDC-42A3-9474-1A3956D46DE8}") = "Otherway", "Otherway", "{E8DA9348-D28F-4955-B38B-39C52E1E7F43}"
EndProject
Project("{2150E333-8FDC-42A3-9474-1A3956D46DE8}") = "Jobs", "Jobs", "{D01D66FF-1E17-43BA-8E12-E99AF0080844}"
EndProject
Project("{FAE04EC0-301F-11D3-BF4B-00C04F79EFBC}") = "AbpQuartzTask.GoodbyeJob", "AbpQuartzTask.GoodbyeJob\AbpQuartzTask.GoodbyeJob.csproj", "{65E48E10-D74B-4D27-B7A5-EA91BF3691A8}"
EndProject
Global
	GlobalSection(SolutionConfigurationPlatforms) = preSolution
		Debug|Any CPU = Debug|Any CPU
		Release|Any CPU = Release|Any CPU
	EndGlobalSection
	GlobalSection(ProjectConfigurationPlatforms) = postSolution
		{2A6F6261-DA94-45DC-8B35-ACCB9417F8FD}.Debug|Any CPU.ActiveCfg = Debug|Any CPU
		{2A6F6261-DA94-45DC-8B35-ACCB9417F8FD}.Debug|Any CPU.Build.0 = Debug|Any CPU
		{2A6F6261-DA94-45DC-8B35-ACCB9417F8FD}.Release|Any CPU.ActiveCfg = Release|Any CPU
		{2A6F6261-DA94-45DC-8B35-ACCB9417F8FD}.Release|Any CPU.Build.0 = Release|Any CPU
		{F0E43751-E96D-4D9C-A14E-F39641E0BC1F}.Debug|Any CPU.ActiveCfg = Debug|Any CPU
		{F0E43751-E96D-4D9C-A14E-F39641E0BC1F}.Debug|Any CPU.Build.0 = Debug|Any CPU
		{F0E43751-E96D-4D9C-A14E-F39641E0BC1F}.Release|Any CPU.ActiveCfg = Release|Any CPU
		{F0E43751-E96D-4D9C-A14E-F39641E0BC1F}.Release|Any CPU.Build.0 = Release|Any CPU
		{F78E6B13-3AB3-4EE3-9DC1-C84CCA970690}.Debug|Any CPU.ActiveCfg = Debug|Any CPU
		{F78E6B13-3AB3-4EE3-9DC1-C84CCA970690}.Debug|Any CPU.Build.0 = Debug|Any CPU
		{F78E6B13-3AB3-4EE3-9DC1-C84CCA970690}.Release|Any CPU.ActiveCfg = Release|Any CPU
		{F78E6B13-3AB3-4EE3-9DC1-C84CCA970690}.Release|Any CPU.Build.0 = Release|Any CPU
		{8C316646-00D8-40B1-9C68-425B47AB4B54}.Debug|Any CPU.ActiveCfg = Debug|Any CPU
		{8C316646-00D8-40B1-9C68-425B47AB4B54}.Debug|Any CPU.Build.0 = Debug|Any CPU
		{8C316646-00D8-40B1-9C68-425B47AB4B54}.Release|Any CPU.ActiveCfg = Release|Any CPU
		{8C316646-00D8-40B1-9C68-425B47AB4B54}.Release|Any CPU.Build.0 = Release|Any CPU
		{59A3B433-B4EB-4C31-B448-4FFB7010779D}.Debug|Any CPU.ActiveCfg = Debug|Any CPU
		{59A3B433-B4EB-4C31-B448-4FFB7010779D}.Debug|Any CPU.Build.0 = Debug|Any CPU
		{59A3B433-B4EB-4C31-B448-4FFB7010779D}.Release|Any CPU.ActiveCfg = Release|Any CPU
		{59A3B433-B4EB-4C31-B448-4FFB7010779D}.Release|Any CPU.Build.0 = Release|Any CPU
		{65E48E10-D74B-4D27-B7A5-EA91BF3691A8}.Debug|Any CPU.ActiveCfg = Debug|Any CPU
		{65E48E10-D74B-4D27-B7A5-EA91BF3691A8}.Debug|Any CPU.Build.0 = Debug|Any CPU
		{65E48E10-D74B-4D27-B7A5-EA91BF3691A8}.Release|Any CPU.ActiveCfg = Release|Any CPU
		{65E48E10-D74B-4D27-B7A5-EA91BF3691A8}.Release|Any CPU.Build.0 = Release|Any CPU
	EndGlobalSection
	GlobalSection(SolutionProperties) = preSolution
		HideSolutionNode = FALSE
	EndGlobalSection
	GlobalSection(NestedProjects) = preSolution
		{2A6F6261-DA94-45DC-8B35-ACCB9417F8FD} = {E8DA9348-D28F-4955-B38B-39C52E1E7F43}
		{F0E43751-E96D-4D9C-A14E-F39641E0BC1F} = {E8DA9348-D28F-4955-B38B-39C52E1E7F43}
		{F78E6B13-3AB3-4EE3-9DC1-C84CCA970690} = {E8DA9348-D28F-4955-B38B-39C52E1E7F43}
		{8C316646-00D8-40B1-9C68-425B47AB4B54} = {D01D66FF-1E17-43BA-8E12-E99AF0080844}
		{59A3B433-B4EB-4C31-B448-4FFB7010779D} = {2FBFCAFA-3A21-43AF-B1D0-F9DC42F5F9D2}
		{D01D66FF-1E17-43BA-8E12-E99AF0080844} = {2FBFCAFA-3A21-43AF-B1D0-F9DC42F5F9D2}
		{65E48E10-D74B-4D27-B7A5-EA91BF3691A8} = {D01D66FF-1E17-43BA-8E12-E99AF0080844}
	EndGlobalSection
EndGlobal
