
Microsoft Visual Studio Solution File, Format Version 12.00
Project("{FAE04EC0-301F-11D3-BF4B-00C04F79EFBC}") = "CliApi", "CliApi\CliApi.csproj", "{B2C3821D-1C41-424C-8B5E-2B92F06DA19D}"
EndProject
Project("{FAE04EC0-301F-11D3-BF4B-00C04F79EFBC}") = "CliApi.Tests", "CliApi.Tests\CliApi.Tests.csproj", "{DA76030D-525E-45D8-8F8B-8C014D1230D4}"
EndProject
Global
	GlobalSection(SolutionConfigurationPlatforms) = preSolution
		Debug|Any CPU = Debug|Any CPU
		Release|Any CPU = Release|Any CPU
	EndGlobalSection
	GlobalSection(ProjectConfigurationPlatforms) = postSolution
		{B2C3821D-1C41-424C-8B5E-2B92F06DA19D}.Debug|Any CPU.ActiveCfg = Debug|Any CPU
		{B2C3821D-1C41-424C-8B5E-2B92F06DA19D}.Debug|Any CPU.Build.0 = Debug|Any CPU
		{B2C3821D-1C41-424C-8B5E-2B92F06DA19D}.Release|Any CPU.ActiveCfg = Release|Any CPU
		{B2C3821D-1C41-424C-8B5E-2B92F06DA19D}.Release|Any CPU.Build.0 = Release|Any CPU
		{DA76030D-525E-45D8-8F8B-8C014D1230D4}.Debug|Any CPU.ActiveCfg = Debug|Any CPU
		{DA76030D-525E-45D8-8F8B-8C014D1230D4}.Debug|Any CPU.Build.0 = Debug|Any CPU
		{DA76030D-525E-45D8-8F8B-8C014D1230D4}.Release|Any CPU.ActiveCfg = Release|Any CPU
		{DA76030D-525E-45D8-8F8B-8C014D1230D4}.Release|Any CPU.Build.0 = Release|Any CPU
	EndGlobalSection
EndGlobal
