
Microsoft Visual Studio Solution File, Format Version 12.00
# Visual Studio 15
VisualStudioVersion = 15.0.27004.2009
MinimumVisualStudioVersion = 10.0.40219.1
Project("{9A19103F-16F7-4668-BE54-9A1E7A4F7556}") = "WebApi", "src\WebApi\WebApi.csproj", "{B093126E-BBED-4D56-88A6-40E05903D7AF}"
EndProject
Project("{2150E333-8FDC-42A3-9474-1A3956D46DE8}") = "src", "src", "{FEAF19C6-6A07-48DF-AD71-68F788F73296}"
EndProject
Project("{2150E333-8FDC-42A3-9474-1A3956D46DE8}") = ".Solution Items", ".Solution Items", "{CA61B02E-B9DF-4B1E-8840-88B6B3EF700C}"
EndProject
Project("{2150E333-8FDC-42A3-9474-1A3956D46DE8}") = "test", "test", "{9E6B7863-4795-446D-A6BF-3EBCCAB47573}"
EndProject
Project("{2150E333-8FDC-42A3-9474-1A3956D46DE8}") = "00 - Core", "00 - Core", "{9CD8ABC7-A007-4C2E-AA0E-5E2FA237169E}"
EndProject
Project("{2150E333-8FDC-42A3-9474-1A3956D46DE8}") = "01 - Domain", "01 - Domain", "{DA95A7BD-62CD-4C5F-BDA3-0C5656802866}"
EndProject
Project("{2150E333-8FDC-42A3-9474-1A3956D46DE8}") = "02 - Application", "02 - Application", "{B88FD188-E884-4CCE-8DC1-2DFAEB2A5126}"
EndProject
Project("{2150E333-8FDC-42A3-9474-1A3956D46DE8}") = "03 - Representation", "03 - Representation", "{6E1BB2AD-A587-4FBE-AFF8-2BE5E8B2D887}"
EndProject
Project("{FAE04EC0-301F-11D3-BF4B-00C04F79EFBC}") = "Core", "src\Core\Core.csproj", "{C8BD5EC7-E084-4A2B-B207-8D522B4A470D}"
EndProject
Project("{FAE04EC0-301F-11D3-BF4B-00C04F79EFBC}") = "Domain", "src\Domain\Domain.csproj", "{538AA792-590A-4431-9960-0E8A2E7FD1FF}"
EndProject
Project("{FAE04EC0-301F-11D3-BF4B-00C04F79EFBC}") = "Application", "src\Application\Application.csproj", "{30B1E831-9AE7-47DB-BF24-8A0B41779594}"
EndProject
Global
	GlobalSection(SolutionConfigurationPlatforms) = preSolution
		Debug|Any CPU = Debug|Any CPU
		Release|Any CPU = Release|Any CPU
	EndGlobalSection
	GlobalSection(ProjectConfigurationPlatforms) = postSolution
		{B093126E-BBED-4D56-88A6-40E05903D7AF}.Debug|Any CPU.ActiveCfg = Debug|Any CPU
		{B093126E-BBED-4D56-88A6-40E05903D7AF}.Debug|Any CPU.Build.0 = Debug|Any CPU
		{B093126E-BBED-4D56-88A6-40E05903D7AF}.Release|Any CPU.ActiveCfg = Release|Any CPU
		{B093126E-BBED-4D56-88A6-40E05903D7AF}.Release|Any CPU.Build.0 = Release|Any CPU
		{C8BD5EC7-E084-4A2B-B207-8D522B4A470D}.Debug|Any CPU.ActiveCfg = Debug|Any CPU
		{C8BD5EC7-E084-4A2B-B207-8D522B4A470D}.Debug|Any CPU.Build.0 = Debug|Any CPU
		{C8BD5EC7-E084-4A2B-B207-8D522B4A470D}.Release|Any CPU.ActiveCfg = Release|Any CPU
		{C8BD5EC7-E084-4A2B-B207-8D522B4A470D}.Release|Any CPU.Build.0 = Release|Any CPU
		{538AA792-590A-4431-9960-0E8A2E7FD1FF}.Debug|Any CPU.ActiveCfg = Debug|Any CPU
		{538AA792-590A-4431-9960-0E8A2E7FD1FF}.Debug|Any CPU.Build.0 = Debug|Any CPU
		{538AA792-590A-4431-9960-0E8A2E7FD1FF}.Release|Any CPU.ActiveCfg = Release|Any CPU
		{538AA792-590A-4431-9960-0E8A2E7FD1FF}.Release|Any CPU.Build.0 = Release|Any CPU
		{30B1E831-9AE7-47DB-BF24-8A0B41779594}.Debug|Any CPU.ActiveCfg = Debug|Any CPU
		{30B1E831-9AE7-47DB-BF24-8A0B41779594}.Debug|Any CPU.Build.0 = Debug|Any CPU
		{30B1E831-9AE7-47DB-BF24-8A0B41779594}.Release|Any CPU.ActiveCfg = Release|Any CPU
		{30B1E831-9AE7-47DB-BF24-8A0B41779594}.Release|Any CPU.Build.0 = Release|Any CPU
	EndGlobalSection
	GlobalSection(SolutionProperties) = preSolution
		HideSolutionNode = FALSE
	EndGlobalSection
	GlobalSection(NestedProjects) = preSolution
		{B093126E-BBED-4D56-88A6-40E05903D7AF} = {6E1BB2AD-A587-4FBE-AFF8-2BE5E8B2D887}
		{9CD8ABC7-A007-4C2E-AA0E-5E2FA237169E} = {FEAF19C6-6A07-48DF-AD71-68F788F73296}
		{DA95A7BD-62CD-4C5F-BDA3-0C5656802866} = {FEAF19C6-6A07-48DF-AD71-68F788F73296}
		{B88FD188-E884-4CCE-8DC1-2DFAEB2A5126} = {FEAF19C6-6A07-48DF-AD71-68F788F73296}
		{6E1BB2AD-A587-4FBE-AFF8-2BE5E8B2D887} = {FEAF19C6-6A07-48DF-AD71-68F788F73296}
		{C8BD5EC7-E084-4A2B-B207-8D522B4A470D} = {9CD8ABC7-A007-4C2E-AA0E-5E2FA237169E}
		{538AA792-590A-4431-9960-0E8A2E7FD1FF} = {DA95A7BD-62CD-4C5F-BDA3-0C5656802866}
		{30B1E831-9AE7-47DB-BF24-8A0B41779594} = {B88FD188-E884-4CCE-8DC1-2DFAEB2A5126}
	EndGlobalSection
	GlobalSection(ExtensibilityGlobals) = postSolution
		SolutionGuid = {323F4208-BA9A-4C68-8E7B-554F8F92524D}
	EndGlobalSection
EndGlobal
